// !$*UTF8*$!
{
	archiveVersion = 1;
	classes = {
	};
	objectVersion = 55;
	objects = {

/* Begin PBXBuildFile section */
		0B1A164528D817660024639B /* SocketIOManager.swift in Sources */ = {isa = PBXBuildFile; fileRef = 0B1A164428D817660024639B /* SocketIOManager.swift */; };
		0B1A164728DF45900024639B /* utils.swift in Sources */ = {isa = PBXBuildFile; fileRef = 0B1A164628DF45900024639B /* utils.swift */; };
		0B1A164E28DF5B640024639B /* UserViewController.swift in Sources */ = {isa = PBXBuildFile; fileRef = 0B1A164C28DF5B640024639B /* UserViewController.swift */; };
		0B1A165128DF68830024639B /* UserCell.swift in Sources */ = {isa = PBXBuildFile; fileRef = 0B1A165028DF68830024639B /* UserCell.swift */; };
		0B1A165B28E296730024639B /* GameZoneViewController.swift in Sources */ = {isa = PBXBuildFile; fileRef = 0B1A165928E296730024639B /* GameZoneViewController.swift */; };
		0B1A165C28E296730024639B /* GameZoneViewController.xib in Resources */ = {isa = PBXBuildFile; fileRef = 0B1A165A28E296730024639B /* GameZoneViewController.xib */; };
		0B1A165E28E2E7A50024639B /* GameProfile.swift in Sources */ = {isa = PBXBuildFile; fileRef = 0B1A165D28E2E7A50024639B /* GameProfile.swift */; };
		0B1A166228E342720024639B /* GameProfile.xib in Resources */ = {isa = PBXBuildFile; fileRef = 0B1A166128E342720024639B /* GameProfile.xib */; };
		0B47BFC228BDDA3C00C196D5 /* SocketIO in Frameworks */ = {isa = PBXBuildFile; productRef = 0B47BFC128BDDA3C00C196D5 /* SocketIO */; };
		0B963A7928AD0FC900BCD17E /* AppDelegate.swift in Sources */ = {isa = PBXBuildFile; fileRef = 0B963A7828AD0FC900BCD17E /* AppDelegate.swift */; };
		0B963A7B28AD0FC900BCD17E /* SceneDelegate.swift in Sources */ = {isa = PBXBuildFile; fileRef = 0B963A7A28AD0FC900BCD17E /* SceneDelegate.swift */; };
		0B963A7D28AD0FC900BCD17E /* GameViewController.swift in Sources */ = {isa = PBXBuildFile; fileRef = 0B963A7C28AD0FC900BCD17E /* GameViewController.swift */; };
		0B963A8028AD0FC900BCD17E /* Main.storyboard in Resources */ = {isa = PBXBuildFile; fileRef = 0B963A7E28AD0FC900BCD17E /* Main.storyboard */; };
		0B963A8228AD0FCB00BCD17E /* Assets.xcassets in Resources */ = {isa = PBXBuildFile; fileRef = 0B963A8128AD0FCB00BCD17E /* Assets.xcassets */; };
		0B963A8528AD0FCB00BCD17E /* LaunchScreen.storyboard in Resources */ = {isa = PBXBuildFile; fileRef = 0B963A8328AD0FCB00BCD17E /* LaunchScreen.storyboard */; };
		0BC0393B28CF319E00AC3512 /* TimerLabel.swift in Sources */ = {isa = PBXBuildFile; fileRef = 0BC0393A28CF319E00AC3512 /* TimerLabel.swift */; };
		0BC0393D28CF481B00AC3512 /* ViewController.swift in Sources */ = {isa = PBXBuildFile; fileRef = 0BC0393C28CF481B00AC3512 /* ViewController.swift */; };
		0BC0393F28CF4F4F00AC3512 /* RoomViewController.swift in Sources */ = {isa = PBXBuildFile; fileRef = 0BC0393E28CF4F4F00AC3512 /* RoomViewController.swift */; };
		0BC0394128CF535500AC3512 /* RoomCell.swift in Sources */ = {isa = PBXBuildFile; fileRef = 0BC0394028CF535500AC3512 /* RoomCell.swift */; };
/* End PBXBuildFile section */

/* Begin PBXFileReference section */
		0B1A164428D817660024639B /* SocketIOManager.swift */ = {isa = PBXFileReference; lastKnownFileType = sourcecode.swift; path = SocketIOManager.swift; sourceTree = "<group>"; };
		0B1A164628DF45900024639B /* utils.swift */ = {isa = PBXFileReference; lastKnownFileType = sourcecode.swift; path = utils.swift; sourceTree = "<group>"; };
		0B1A164C28DF5B640024639B /* UserViewController.swift */ = {isa = PBXFileReference; lastKnownFileType = sourcecode.swift; path = UserViewController.swift; sourceTree = "<group>"; };
		0B1A165028DF68830024639B /* UserCell.swift */ = {isa = PBXFileReference; lastKnownFileType = sourcecode.swift; path = UserCell.swift; sourceTree = "<group>"; };
		0B1A165928E296730024639B /* GameZoneViewController.swift */ = {isa = PBXFileReference; lastKnownFileType = sourcecode.swift; path = GameZoneViewController.swift; sourceTree = "<group>"; };
		0B1A165A28E296730024639B /* GameZoneViewController.xib */ = {isa = PBXFileReference; lastKnownFileType = file.xib; path = GameZoneViewController.xib; sourceTree = "<group>"; };
		0B1A165D28E2E7A50024639B /* GameProfile.swift */ = {isa = PBXFileReference; lastKnownFileType = sourcecode.swift; path = GameProfile.swift; sourceTree = "<group>"; };
		0B1A166128E342720024639B /* GameProfile.xib */ = {isa = PBXFileReference; lastKnownFileType = file.xib; path = GameProfile.xib; sourceTree = "<group>"; };
		0B963A7528AD0FC900BCD17E /* TouchFaster.app */ = {isa = PBXFileReference; explicitFileType = wrapper.application; includeInIndex = 0; path = TouchFaster.app; sourceTree = BUILT_PRODUCTS_DIR; };
		0B963A7828AD0FC900BCD17E /* AppDelegate.swift */ = {isa = PBXFileReference; lastKnownFileType = sourcecode.swift; path = AppDelegate.swift; sourceTree = "<group>"; };
		0B963A7A28AD0FC900BCD17E /* SceneDelegate.swift */ = {isa = PBXFileReference; lastKnownFileType = sourcecode.swift; path = SceneDelegate.swift; sourceTree = "<group>"; };
		0B963A7C28AD0FC900BCD17E /* GameViewController.swift */ = {isa = PBXFileReference; lastKnownFileType = sourcecode.swift; path = GameViewController.swift; sourceTree = "<group>"; };
		0B963A7F28AD0FC900BCD17E /* Base */ = {isa = PBXFileReference; lastKnownFileType = file.storyboard; name = Base; path = Base.lproj/Main.storyboard; sourceTree = "<group>"; };
		0B963A8128AD0FCB00BCD17E /* Assets.xcassets */ = {isa = PBXFileReference; lastKnownFileType = folder.assetcatalog; path = Assets.xcassets; sourceTree = "<group>"; };
		0B963A8428AD0FCB00BCD17E /* Base */ = {isa = PBXFileReference; lastKnownFileType = file.storyboard; name = Base; path = Base.lproj/LaunchScreen.storyboard; sourceTree = "<group>"; };
		0B963A8628AD0FCB00BCD17E /* Info.plist */ = {isa = PBXFileReference; lastKnownFileType = text.plist.xml; path = Info.plist; sourceTree = "<group>"; };
		0BC0393A28CF319E00AC3512 /* TimerLabel.swift */ = {isa = PBXFileReference; lastKnownFileType = sourcecode.swift; path = TimerLabel.swift; sourceTree = "<group>"; };
		0BC0393C28CF481B00AC3512 /* ViewController.swift */ = {isa = PBXFileReference; lastKnownFileType = sourcecode.swift; path = ViewController.swift; sourceTree = "<group>"; };
		0BC0393E28CF4F4F00AC3512 /* RoomViewController.swift */ = {isa = PBXFileReference; lastKnownFileType = sourcecode.swift; path = RoomViewController.swift; sourceTree = "<group>"; };
		0BC0394028CF535500AC3512 /* RoomCell.swift */ = {isa = PBXFileReference; lastKnownFileType = sourcecode.swift; path = RoomCell.swift; sourceTree = "<group>"; };
/* End PBXFileReference section */

/* Begin PBXFrameworksBuildPhase section */
		0B963A7228AD0FC900BCD17E /* Frameworks */ = {
			isa = PBXFrameworksBuildPhase;
			buildActionMask = 2147483647;
			files = (
				0B47BFC228BDDA3C00C196D5 /* SocketIO in Frameworks */,
			);
			runOnlyForDeploymentPostprocessing = 0;
		};
/* End PBXFrameworksBuildPhase section */

/* Begin PBXGroup section */
		0B1A165228E133630024639B /* Core */ = {
			isa = PBXGroup;
			children = (
				0B963A7A28AD0FC900BCD17E /* SceneDelegate.swift */,
				0B963A7828AD0FC900BCD17E /* AppDelegate.swift */,
				0BC0393C28CF481B00AC3512 /* ViewController.swift */,
			);
			path = Core;
			sourceTree = "<group>";
		};
		0B1A165328E133780024639B /* Rooms */ = {
			isa = PBXGroup;
			children = (
				0BC0394028CF535500AC3512 /* RoomCell.swift */,
				0BC0393E28CF4F4F00AC3512 /* RoomViewController.swift */,
			);
			path = Rooms;
			sourceTree = "<group>";
		};
		0B1A165428E1338B0024639B /* Utility */ = {
			isa = PBXGroup;
			children = (
				0B1A164428D817660024639B /* SocketIOManager.swift */,
				0BC0393A28CF319E00AC3512 /* TimerLabel.swift */,
				0B1A164628DF45900024639B /* utils.swift */,
			);
			path = Utility;
			sourceTree = "<group>";
		};
		0B1A165528E133A60024639B /* Users */ = {
			isa = PBXGroup;
			children = (
				0B1A165028DF68830024639B /* UserCell.swift */,
				0B1A164C28DF5B640024639B /* UserViewController.swift */,
			);
			path = Users;
			sourceTree = "<group>";
		};
		0B1A165628E133D20024639B /* Game */ = {
			isa = PBXGroup;
			children = (
				0B963A7C28AD0FC900BCD17E /* GameViewController.swift */,
				0B1A165928E296730024639B /* GameZoneViewController.swift */,
				0B1A165D28E2E7A50024639B /* GameProfile.swift */,
				0B1A166128E342720024639B /* GameProfile.xib */,
				0B1A165A28E296730024639B /* GameZoneViewController.xib */,
			);
			path = Game;
			sourceTree = "<group>";
		};
		0B963A6C28AD0FC900BCD17E = {
			isa = PBXGroup;
			children = (
				0B963A7728AD0FC900BCD17E /* TouchFaster */,
				0B963A7628AD0FC900BCD17E /* Products */,
			);
			sourceTree = "<group>";
		};
		0B963A7628AD0FC900BCD17E /* Products */ = {
			isa = PBXGroup;
			children = (
				0B963A7528AD0FC900BCD17E /* TouchFaster.app */,
			);
			name = Products;
			sourceTree = "<group>";
		};
		0B963A7728AD0FC900BCD17E /* TouchFaster */ = {
			isa = PBXGroup;
			children = (
				0B1A165228E133630024639B /* Core */,
				0B1A165528E133A60024639B /* Users */,
				0B1A165328E133780024639B /* Rooms */,
				0B1A165628E133D20024639B /* Game */,
				0B1A165428E1338B0024639B /* Utility */,
				0B963A8128AD0FCB00BCD17E /* Assets.xcassets */,
				0B963A7E28AD0FC900BCD17E /* Main.storyboard */,
				0B963A8328AD0FCB00BCD17E /* LaunchScreen.storyboard */,
				0B963A8628AD0FCB00BCD17E /* Info.plist */,
			);
			path = TouchFaster;
			sourceTree = "<group>";
		};
/* End PBXGroup section */

/* Begin PBXNativeTarget section */
		0B963A7428AD0FC900BCD17E /* TouchFaster */ = {
			isa = PBXNativeTarget;
			buildConfigurationList = 0B963A8928AD0FCB00BCD17E /* Build configuration list for PBXNativeTarget "TouchFaster" */;
			buildPhases = (
				0B963A7128AD0FC900BCD17E /* Sources */,
				0B963A7228AD0FC900BCD17E /* Frameworks */,
				0B963A7328AD0FC900BCD17E /* Resources */,
			);
			buildRules = (
			);
			dependencies = (
			);
			name = TouchFaster;
			packageProductDependencies = (
				0B47BFC128BDDA3C00C196D5 /* SocketIO */,
			);
			productName = TouchFaster;
			productReference = 0B963A7528AD0FC900BCD17E /* TouchFaster.app */;
			productType = "com.apple.product-type.application";
		};
/* End PBXNativeTarget section */

/* Begin PBXProject section */
		0B963A6D28AD0FC900BCD17E /* Project object */ = {
			isa = PBXProject;
			attributes = {
				BuildIndependentTargetsInParallel = 1;
				LastSwiftUpdateCheck = 1340;
				LastUpgradeCheck = 1340;
				TargetAttributes = {
					0B963A7428AD0FC900BCD17E = {
						CreatedOnToolsVersion = 13.4.1;
					};
				};
			};
			buildConfigurationList = 0B963A7028AD0FC900BCD17E /* Build configuration list for PBXProject "TouchFaster" */;
			compatibilityVersion = "Xcode 13.0";
			developmentRegion = en;
			hasScannedForEncodings = 0;
			knownRegions = (
				en,
				Base,
			);
			mainGroup = 0B963A6C28AD0FC900BCD17E;
			packageReferences = (
				0B47BFC028BDDA3C00C196D5 /* XCRemoteSwiftPackageReference "socket.io-client-swift" */,
			);
			productRefGroup = 0B963A7628AD0FC900BCD17E /* Products */;
			projectDirPath = "";
			projectRoot = "";
			targets = (
				0B963A7428AD0FC900BCD17E /* TouchFaster */,
			);
		};
/* End PBXProject section */

/* Begin PBXResourcesBuildPhase section */
		0B963A7328AD0FC900BCD17E /* Resources */ = {
			isa = PBXResourcesBuildPhase;
			buildActionMask = 2147483647;
			files = (
				0B1A165C28E296730024639B /* GameZoneViewController.xib in Resources */,
				0B1A166228E342720024639B /* GameProfile.xib in Resources */,
				0B963A8528AD0FCB00BCD17E /* LaunchScreen.storyboard in Resources */,
				0B963A8228AD0FCB00BCD17E /* Assets.xcassets in Resources */,
				0B963A8028AD0FC900BCD17E /* Main.storyboard in Resources */,
			);
			runOnlyForDeploymentPostprocessing = 0;
		};
/* End PBXResourcesBuildPhase section */

/* Begin PBXSourcesBuildPhase section */
		0B963A7128AD0FC900BCD17E /* Sources */ = {
			isa = PBXSourcesBuildPhase;
			buildActionMask = 2147483647;
			files = (
				0B1A164728DF45900024639B /* utils.swift in Sources */,
				0B1A164E28DF5B640024639B /* UserViewController.swift in Sources */,
				0BC0393D28CF481B00AC3512 /* ViewController.swift in Sources */,
				0BC0393B28CF319E00AC3512 /* TimerLabel.swift in Sources */,
				0B1A165B28E296730024639B /* GameZoneViewController.swift in Sources */,
				0B963A7D28AD0FC900BCD17E /* GameViewController.swift in Sources */,
				0BC0394128CF535500AC3512 /* RoomCell.swift in Sources */,
				0B1A164528D817660024639B /* SocketIOManager.swift in Sources */,
				0B1A165E28E2E7A50024639B /* GameProfile.swift in Sources */,
				0BC0393F28CF4F4F00AC3512 /* RoomViewController.swift in Sources */,
				0B963A7928AD0FC900BCD17E /* AppDelegate.swift in Sources */,
				0B1A165128DF68830024639B /* UserCell.swift in Sources */,
				0B963A7B28AD0FC900BCD17E /* SceneDelegate.swift in Sources */,
			);
			runOnlyForDeploymentPostprocessing = 0;
		};
/* End PBXSourcesBuildPhase section */

/* Begin PBXVariantGroup section */
		0B963A7E28AD0FC900BCD17E /* Main.storyboard */ = {
			isa = PBXVariantGroup;
			children = (
				0B963A7F28AD0FC900BCD17E /* Base */,
			);
			name = Main.storyboard;
			sourceTree = "<group>";
		};
		0B963A8328AD0FCB00BCD17E /* LaunchScreen.storyboard */ = {
			isa = PBXVariantGroup;
			children = (
				0B963A8428AD0FCB00BCD17E /* Base */,
			);
			name = LaunchScreen.storyboard;
			sourceTree = "<group>";
		};
/* End PBXVariantGroup section */

/* Begin XCBuildConfiguration section */
		0B963A8728AD0FCB00BCD17E /* Debug */ = {
			isa = XCBuildConfiguration;
			buildSettings = {
				ALWAYS_SEARCH_USER_PATHS = NO;
				CLANG_ANALYZER_NONNULL = YES;
				CLANG_ANALYZER_NUMBER_OBJECT_CONVERSION = YES_AGGRESSIVE;
				CLANG_CXX_LANGUAGE_STANDARD = "gnu++17";
				CLANG_ENABLE_MODULES = YES;
				CLANG_ENABLE_OBJC_ARC = YES;
				CLANG_ENABLE_OBJC_WEAK = YES;
				CLANG_WARN_BLOCK_CAPTURE_AUTORELEASING = YES;
				CLANG_WARN_BOOL_CONVERSION = YES;
				CLANG_WARN_COMMA = YES;
				CLANG_WARN_CONSTANT_CONVERSION = YES;
				CLANG_WARN_DEPRECATED_OBJC_IMPLEMENTATIONS = YES;
				CLANG_WARN_DIRECT_OBJC_ISA_USAGE = YES_ERROR;
				CLANG_WARN_DOCUMENTATION_COMMENTS = YES;
				CLANG_WARN_EMPTY_BODY = YES;
				CLANG_WARN_ENUM_CONVERSION = YES;
				CLANG_WARN_INFINITE_RECURSION = YES;
				CLANG_WARN_INT_CONVERSION = YES;
				CLANG_WARN_NON_LITERAL_NULL_CONVERSION = YES;
				CLANG_WARN_OBJC_IMPLICIT_RETAIN_SELF = YES;
				CLANG_WARN_OBJC_LITERAL_CONVERSION = YES;
				CLANG_WARN_OBJC_ROOT_CLASS = YES_ERROR;
				CLANG_WARN_QUOTED_INCLUDE_IN_FRAMEWORK_HEADER = YES;
				CLANG_WARN_RANGE_LOOP_ANALYSIS = YES;
				CLANG_WARN_STRICT_PROTOTYPES = YES;
				CLANG_WARN_SUSPICIOUS_MOVE = YES;
				CLANG_WARN_UNGUARDED_AVAILABILITY = YES_AGGRESSIVE;
				CLANG_WARN_UNREACHABLE_CODE = YES;
				CLANG_WARN__DUPLICATE_METHOD_MATCH = YES;
				COPY_PHASE_STRIP = NO;
				DEBUG_INFORMATION_FORMAT = dwarf;
				ENABLE_STRICT_OBJC_MSGSEND = YES;
				ENABLE_TESTABILITY = YES;
				GCC_C_LANGUAGE_STANDARD = gnu11;
				GCC_DYNAMIC_NO_PIC = NO;
				GCC_NO_COMMON_BLOCKS = YES;
				GCC_OPTIMIZATION_LEVEL = 0;
				GCC_PREPROCESSOR_DEFINITIONS = (
					"DEBUG=1",
					"$(inherited)",
				);
				GCC_WARN_64_TO_32_BIT_CONVERSION = YES;
				GCC_WARN_ABOUT_RETURN_TYPE = YES_ERROR;
				GCC_WARN_UNDECLARED_SELECTOR = YES;
				GCC_WARN_UNINITIALIZED_AUTOS = YES_AGGRESSIVE;
				GCC_WARN_UNUSED_FUNCTION = YES;
				GCC_WARN_UNUSED_VARIABLE = YES;
				IPHONEOS_DEPLOYMENT_TARGET = 15.4;
				MTL_ENABLE_DEBUG_INFO = INCLUDE_SOURCE;
				MTL_FAST_MATH = YES;
				ONLY_ACTIVE_ARCH = YES;
				SDKROOT = iphoneos;
				SWIFT_ACTIVE_COMPILATION_CONDITIONS = DEBUG;
				SWIFT_OPTIMIZATION_LEVEL = "-Onone";
				VALIDATE_PRODUCT = YES;
			};
			name = Debug;
		};
		0B963A8828AD0FCB00BCD17E /* Release */ = {
			isa = XCBuildConfiguration;
			buildSettings = {
				ALWAYS_SEARCH_USER_PATHS = NO;
				CLANG_ANALYZER_NONNULL = YES;
				CLANG_ANALYZER_NUMBER_OBJECT_CONVERSION = YES_AGGRESSIVE;
				CLANG_CXX_LANGUAGE_STANDARD = "gnu++17";
				CLANG_ENABLE_MODULES = YES;
				CLANG_ENABLE_OBJC_ARC = YES;
				CLANG_ENABLE_OBJC_WEAK = YES;
				CLANG_WARN_BLOCK_CAPTURE_AUTORELEASING = YES;
				CLANG_WARN_BOOL_CONVERSION = YES;
				CLANG_WARN_COMMA = YES;
				CLANG_WARN_CONSTANT_CONVERSION = YES;
				CLANG_WARN_DEPRECATED_OBJC_IMPLEMENTATIONS = YES;
				CLANG_WARN_DIRECT_OBJC_ISA_USAGE = YES_ERROR;
				CLANG_WARN_DOCUMENTATION_COMMENTS = YES;
				CLANG_WARN_EMPTY_BODY = YES;
				CLANG_WARN_ENUM_CONVERSION = YES;
				CLANG_WARN_INFINITE_RECURSION = YES;
				CLANG_WARN_INT_CONVERSION = YES;
				CLANG_WARN_NON_LITERAL_NULL_CONVERSION = YES;
				CLANG_WARN_OBJC_IMPLICIT_RETAIN_SELF = YES;
				CLANG_WARN_OBJC_LITERAL_CONVERSION = YES;
				CLANG_WARN_OBJC_ROOT_CLASS = YES_ERROR;
				CLANG_WARN_QUOTED_INCLUDE_IN_FRAMEWORK_HEADER = YES;
				CLANG_WARN_RANGE_LOOP_ANALYSIS = YES;
				CLANG_WARN_STRICT_PROTOTYPES = YES;
				CLANG_WARN_SUSPICIOUS_MOVE = YES;
				CLANG_WARN_UNGUARDED_AVAILABILITY = YES_AGGRESSIVE;
				CLANG_WARN_UNREACHABLE_CODE = YES;
				CLANG_WARN__DUPLICATE_METHOD_MATCH = YES;
				COPY_PHASE_STRIP = NO;
				DEBUG_INFORMATION_FORMAT = "dwarf-with-dsym";
				ENABLE_NS_ASSERTIONS = YES;
				ENABLE_STRICT_OBJC_MSGSEND = YES;
				ENABLE_TESTABILITY = YES;
				GCC_C_LANGUAGE_STANDARD = gnu11;
				GCC_NO_COMMON_BLOCKS = YES;
				GCC_WARN_64_TO_32_BIT_CONVERSION = YES;
				GCC_WARN_ABOUT_RETURN_TYPE = YES_ERROR;
				GCC_WARN_UNDECLARED_SELECTOR = YES;
				GCC_WARN_UNINITIALIZED_AUTOS = YES_AGGRESSIVE;
				GCC_WARN_UNUSED_FUNCTION = YES;
				GCC_WARN_UNUSED_VARIABLE = YES;
				IPHONEOS_DEPLOYMENT_TARGET = 15.4;
				MTL_ENABLE_DEBUG_INFO = NO;
				MTL_FAST_MATH = YES;
				ONLY_ACTIVE_ARCH = YES;
				SDKROOT = iphoneos;
				SWIFT_COMPILATION_MODE = wholemodule;
				SWIFT_OPTIMIZATION_LEVEL = "-O";
				VALIDATE_PRODUCT = NO;
			};
			name = Release;
		};
		0B963A8A28AD0FCB00BCD17E /* Debug */ = {
			isa = XCBuildConfiguration;
			buildSettings = {
				ASSETCATALOG_COMPILER_APPICON_NAME = AppIcon;
				ASSETCATALOG_COMPILER_GLOBAL_ACCENT_COLOR_NAME = AccentColor;
				CODE_SIGN_IDENTITY = "Apple Development";
				CODE_SIGN_INJECT_BASE_ENTITLEMENTS = NO;
				CODE_SIGN_STYLE = Automatic;
				CURRENT_PROJECT_VERSION = 1;
				DEVELOPMENT_TEAM = 2YNFWZYMCT;
				GENERATE_INFOPLIST_FILE = YES;
				INFOPLIST_FILE = TouchFaster/Info.plist;
				INFOPLIST_KEY_UIApplicationSupportsIndirectInputEvents = YES;
				INFOPLIST_KEY_UILaunchStoryboardName = LaunchScreen;
				INFOPLIST_KEY_UIMainStoryboardFile = Main;
				INFOPLIST_KEY_UISupportedInterfaceOrientations_iPad = "UIInterfaceOrientationPortrait UIInterfaceOrientationPortraitUpsideDown UIInterfaceOrientationLandscapeLeft UIInterfaceOrientationLandscapeRight";
				INFOPLIST_KEY_UISupportedInterfaceOrientations_iPhone = "UIInterfaceOrientationPortrait UIInterfaceOrientationLandscapeLeft UIInterfaceOrientationLandscapeRight";
				LD_RUNPATH_SEARCH_PATHS = (
					"$(inherited)",
					"@executable_path/Frameworks",
				);
				MARKETING_VERSION = 1.0;
				OTHER_CODE_SIGN_FLAGS = "--generate-entitlement-der";
				PRODUCT_BUNDLE_IDENTIFIER = kimjunkyung.TouchFaster;
				PRODUCT_NAME = "$(TARGET_NAME)";
				PROVISIONING_PROFILE_SPECIFIER = "";
				SWIFT_EMIT_LOC_STRINGS = YES;
				SWIFT_VERSION = 5.0;
				TARGETED_DEVICE_FAMILY = "1,2";
			};
			name = Debug;
		};
		0B963A8B28AD0FCB00BCD17E /* Release */ = {
			isa = XCBuildConfiguration;
			buildSettings = {
				ASSETCATALOG_COMPILER_APPICON_NAME = AppIcon;
				ASSETCATALOG_COMPILER_GLOBAL_ACCENT_COLOR_NAME = AccentColor;
				CODE_SIGN_IDENTITY = "Apple Development";
				CODE_SIGN_INJECT_BASE_ENTITLEMENTS = NO;
				CODE_SIGN_STYLE = Automatic;
				CURRENT_PROJECT_VERSION = 1;
				DEVELOPMENT_TEAM = 2YNFWZYMCT;
				GENERATE_INFOPLIST_FILE = YES;
				INFOPLIST_FILE = TouchFaster/Info.plist;
				INFOPLIST_KEY_UIApplicationSupportsIndirectInputEvents = YES;
				INFOPLIST_KEY_UILaunchStoryboardName = LaunchScreen;
				INFOPLIST_KEY_UIMainStoryboardFile = Main;
				INFOPLIST_KEY_UISupportedInterfaceOrientations_iPad = "UIInterfaceOrientationPortrait UIInterfaceOrientationPortraitUpsideDown UIInterfaceOrientationLandscapeLeft UIInterfaceOrientationLandscapeRight";
				INFOPLIST_KEY_UISupportedInterfaceOrientations_iPhone = "UIInterfaceOrientationPortrait UIInterfaceOrientationLandscapeLeft UIInterfaceOrientationLandscapeRight";
				LD_RUNPATH_SEARCH_PATHS = (
					"$(inherited)",
					"@executable_path/Frameworks",
				);
				MARKETING_VERSION = 1.0;
				OTHER_CODE_SIGN_FLAGS = "--generate-entitlement-der";
				PRODUCT_BUNDLE_IDENTIFIER = kimjunkyung.TouchFaster;
				PRODUCT_NAME = "$(TARGET_NAME)";
				PROVISIONING_PROFILE_SPECIFIER = "";
				SWIFT_EMIT_LOC_STRINGS = YES;
				SWIFT_VERSION = 5.0;
				TARGETED_DEVICE_FAMILY = "1,2";
			};
			name = Release;
		};
/* End XCBuildConfiguration section */

/* Begin XCConfigurationList section */
		0B963A7028AD0FC900BCD17E /* Build configuration list for PBXProject "TouchFaster" */ = {
			isa = XCConfigurationList;
			buildConfigurations = (
				0B963A8728AD0FCB00BCD17E /* Debug */,
				0B963A8828AD0FCB00BCD17E /* Release */,
			);
			defaultConfigurationIsVisible = 0;
			defaultConfigurationName = Release;
		};
		0B963A8928AD0FCB00BCD17E /* Build configuration list for PBXNativeTarget "TouchFaster" */ = {
			isa = XCConfigurationList;
			buildConfigurations = (
				0B963A8A28AD0FCB00BCD17E /* Debug */,
				0B963A8B28AD0FCB00BCD17E /* Release */,
			);
			defaultConfigurationIsVisible = 0;
			defaultConfigurationName = Release;
		};
/* End XCConfigurationList section */

/* Begin XCRemoteSwiftPackageReference section */
		0B47BFC028BDDA3C00C196D5 /* XCRemoteSwiftPackageReference "socket.io-client-swift" */ = {
			isa = XCRemoteSwiftPackageReference;
			repositoryURL = "https://github.com/socketio/socket.io-client-swift.git";
			requirement = {
				branch = master;
				kind = branch;
			};
		};
/* End XCRemoteSwiftPackageReference section */

/* Begin XCSwiftPackageProductDependency section */
		0B47BFC128BDDA3C00C196D5 /* SocketIO */ = {
			isa = XCSwiftPackageProductDependency;
			package = 0B47BFC028BDDA3C00C196D5 /* XCRemoteSwiftPackageReference "socket.io-client-swift" */;
			productName = SocketIO;
		};
/* End XCSwiftPackageProductDependency section */
	};
	rootObject = 0B963A6D28AD0FC900BCD17E /* Project object */;
}
